
Microsoft Visual Studio Solution File, Format Version 12.00
# Visual Studio Version 16
VisualStudioVersion = 16.0.29613.14
MinimumVisualStudioVersion = 10.0.40219.1
Project("{FAE04EC0-301F-11D3-BF4B-00C04F79EFBC}") = "cli", "cli\cli.csproj", "{96BA4CC0-DE76-48F5-A063-96F129E82EAE}"
EndProject
Global
	GlobalSection(SolutionConfigurationPlatforms) = preSolution
		Debug|Any CPU = Debug|Any CPU
		Release|Any CPU = Release|Any CPU
	EndGlobalSection
	GlobalSection(ProjectConfigurationPlatforms) = postSolution
		{96BA4CC0-DE76-48F5-A063-96F129E82EAE}.Debug|Any CPU.ActiveCfg = Debug|Any CPU
		{96BA4CC0-DE76-48F5-A063-96F129E82EAE}.Debug|Any CPU.Build.0 = Debug|Any CPU
		{96BA4CC0-DE76-48F5-A063-96F129E82EAE}.Release|Any CPU.ActiveCfg = Release|Any CPU
		{96BA4CC0-DE76-48F5-A063-96F129E82EAE}.Release|Any CPU.Build.0 = Release|Any CPU
	EndGlobalSection
	GlobalSection(SolutionProperties) = preSolution
		HideSolutionNode = FALSE
	EndGlobalSection
	GlobalSection(ExtensibilityGlobals) = postSolution
		SolutionGuid = {3120EDE6-3C61-47FC-8471-CB569EEB7491}
	EndGlobalSection
EndGlobal
